
Microsoft Visual Studio Solution File, Format Version 12.00
# Visual Studio Version 16
VisualStudioVersion = 16.0.30804.86
MinimumVisualStudioVersion = 10.0.40219.1
Project("{FAE04EC0-301F-11D3-BF4B-00C04F79EFBC}") = "OrgPlusChartExplorer", "OrgPlusChartExplorer\OrgPlusChartExplorer.csproj", "{1D1DB6A2-D4E4-47FD-B554-6D3C049150A6}"
EndProject
Project("{FAE04EC0-301F-11D3-BF4B-00C04F79EFBC}") = "OrgPlusChartReader", "OrgPlusChartReader\OrgPlusChartReader.csproj", "{385900DA-BFD5-4893-B377-E6D820F8E6E3}"
EndProject
Project("{FAE04EC0-301F-11D3-BF4B-00C04F79EFBC}") = "OrgPlusChartDumper", "OrgPlusChartDumper\OrgPlusChartDumper.csproj", "{EF0140DE-231D-4CCC-9FC4-D56BDBFD318C}"
EndProject
Project("{FAE04EC0-301F-11D3-BF4B-00C04F79EFBC}") = "OrgPlusChartReader.Tests", "OrgPlusChartReader.Tests\OrgPlusChartReader.Tests.csproj", "{C412F5BF-FB36-463D-869B-51DA85753C4D}"
EndProject
Global
	GlobalSection(SolutionConfigurationPlatforms) = preSolution
		Debug|Any CPU = Debug|Any CPU
		Debug|x64 = Debug|x64
		Debug|x86 = Debug|x86
		Release|Any CPU = Release|Any CPU
		Release|x64 = Release|x64
		Release|x86 = Release|x86
	EndGlobalSection
	GlobalSection(ProjectConfigurationPlatforms) = postSolution
		{1D1DB6A2-D4E4-47FD-B554-6D3C049150A6}.Debug|Any CPU.ActiveCfg = Debug|Any CPU
		{1D1DB6A2-D4E4-47FD-B554-6D3C049150A6}.Debug|Any CPU.Build.0 = Debug|Any CPU
		{1D1DB6A2-D4E4-47FD-B554-6D3C049150A6}.Debug|x64.ActiveCfg = Debug|Any CPU
		{1D1DB6A2-D4E4-47FD-B554-6D3C049150A6}.Debug|x64.Build.0 = Debug|Any CPU
		{1D1DB6A2-D4E4-47FD-B554-6D3C049150A6}.Debug|x86.ActiveCfg = Debug|Any CPU
		{1D1DB6A2-D4E4-47FD-B554-6D3C049150A6}.Debug|x86.Build.0 = Debug|Any CPU
		{1D1DB6A2-D4E4-47FD-B554-6D3C049150A6}.Release|Any CPU.ActiveCfg = Release|Any CPU
		{1D1DB6A2-D4E4-47FD-B554-6D3C049150A6}.Release|Any CPU.Build.0 = Release|Any CPU
		{1D1DB6A2-D4E4-47FD-B554-6D3C049150A6}.Release|x64.ActiveCfg = Release|Any CPU
		{1D1DB6A2-D4E4-47FD-B554-6D3C049150A6}.Release|x64.Build.0 = Release|Any CPU
		{1D1DB6A2-D4E4-47FD-B554-6D3C049150A6}.Release|x86.ActiveCfg = Release|Any CPU
		{1D1DB6A2-D4E4-47FD-B554-6D3C049150A6}.Release|x86.Build.0 = Release|Any CPU
		{385900DA-BFD5-4893-B377-E6D820F8E6E3}.Debug|Any CPU.ActiveCfg = Debug|Any CPU
		{385900DA-BFD5-4893-B377-E6D820F8E6E3}.Debug|Any CPU.Build.0 = Debug|Any CPU
		{385900DA-BFD5-4893-B377-E6D820F8E6E3}.Debug|x64.ActiveCfg = Debug|Any CPU
		{385900DA-BFD5-4893-B377-E6D820F8E6E3}.Debug|x64.Build.0 = Debug|Any CPU
		{385900DA-BFD5-4893-B377-E6D820F8E6E3}.Debug|x86.ActiveCfg = Debug|Any CPU
		{385900DA-BFD5-4893-B377-E6D820F8E6E3}.Debug|x86.Build.0 = Debug|Any CPU
		{385900DA-BFD5-4893-B377-E6D820F8E6E3}.Release|Any CPU.ActiveCfg = Release|Any CPU
		{385900DA-BFD5-4893-B377-E6D820F8E6E3}.Release|Any CPU.Build.0 = Release|Any CPU
		{385900DA-BFD5-4893-B377-E6D820F8E6E3}.Release|x64.ActiveCfg = Release|Any CPU
		{385900DA-BFD5-4893-B377-E6D820F8E6E3}.Release|x64.Build.0 = Release|Any CPU
		{385900DA-BFD5-4893-B377-E6D820F8E6E3}.Release|x86.ActiveCfg = Release|Any CPU
		{385900DA-BFD5-4893-B377-E6D820F8E6E3}.Release|x86.Build.0 = Release|Any CPU
		{EF0140DE-231D-4CCC-9FC4-D56BDBFD318C}.Debug|Any CPU.ActiveCfg = Debug|Any CPU
		{EF0140DE-231D-4CCC-9FC4-D56BDBFD318C}.Debug|Any CPU.Build.0 = Debug|Any CPU
		{EF0140DE-231D-4CCC-9FC4-D56BDBFD318C}.Debug|x64.ActiveCfg = Debug|Any CPU
		{EF0140DE-231D-4CCC-9FC4-D56BDBFD318C}.Debug|x64.Build.0 = Debug|Any CPU
		{EF0140DE-231D-4CCC-9FC4-D56BDBFD318C}.Debug|x86.ActiveCfg = Debug|Any CPU
		{EF0140DE-231D-4CCC-9FC4-D56BDBFD318C}.Debug|x86.Build.0 = Debug|Any CPU
		{EF0140DE-231D-4CCC-9FC4-D56BDBFD318C}.Release|Any CPU.ActiveCfg = Release|Any CPU
		{EF0140DE-231D-4CCC-9FC4-D56BDBFD318C}.Release|Any CPU.Build.0 = Release|Any CPU
		{EF0140DE-231D-4CCC-9FC4-D56BDBFD318C}.Release|x64.ActiveCfg = Release|Any CPU
		{EF0140DE-231D-4CCC-9FC4-D56BDBFD318C}.Release|x64.Build.0 = Release|Any CPU
		{EF0140DE-231D-4CCC-9FC4-D56BDBFD318C}.Release|x86.ActiveCfg = Release|Any CPU
		{EF0140DE-231D-4CCC-9FC4-D56BDBFD318C}.Release|x86.Build.0 = Release|Any CPU
		{C412F5BF-FB36-463D-869B-51DA85753C4D}.Debug|Any CPU.ActiveCfg = Debug|Any CPU
		{C412F5BF-FB36-463D-869B-51DA85753C4D}.Debug|Any CPU.Build.0 = Debug|Any CPU
		{C412F5BF-FB36-463D-869B-51DA85753C4D}.Debug|x64.ActiveCfg = Debug|Any CPU
		{C412F5BF-FB36-463D-869B-51DA85753C4D}.Debug|x64.Build.0 = Debug|Any CPU
		{C412F5BF-FB36-463D-869B-51DA85753C4D}.Debug|x86.ActiveCfg = Debug|Any CPU
		{C412F5BF-FB36-463D-869B-51DA85753C4D}.Debug|x86.Build.0 = Debug|Any CPU
		{C412F5BF-FB36-463D-869B-51DA85753C4D}.Release|Any CPU.ActiveCfg = Release|Any CPU
		{C412F5BF-FB36-463D-869B-51DA85753C4D}.Release|Any CPU.Build.0 = Release|Any CPU
		{C412F5BF-FB36-463D-869B-51DA85753C4D}.Release|x64.ActiveCfg = Release|Any CPU
		{C412F5BF-FB36-463D-869B-51DA85753C4D}.Release|x64.Build.0 = Release|Any CPU
		{C412F5BF-FB36-463D-869B-51DA85753C4D}.Release|x86.ActiveCfg = Release|Any CPU
		{C412F5BF-FB36-463D-869B-51DA85753C4D}.Release|x86.Build.0 = Release|Any CPU
	EndGlobalSection
	GlobalSection(SolutionProperties) = preSolution
		HideSolutionNode = FALSE
	EndGlobalSection
	GlobalSection(ExtensibilityGlobals) = postSolution
		SolutionGuid = {C10AA603-E521-40CD-91FF-72DFABCF1DD3}
	EndGlobalSection
EndGlobal
